
Microsoft Visual Studio Solution File, Format Version 12.00
# Visual Studio 14
VisualStudioVersion = 14.0.25420.1
MinimumVisualStudioVersion = 10.0.40219.1
Project("{FAE04EC0-301F-11D3-BF4B-00C04F79EFBC}") = "Dosial.Web.UI", "Dosial.Web.UI\Dosial.Web.UI.csproj", "{4ADF553A-1D95-47B0-ACF8-D6B83A6013C1}"
EndProject
Project("{FAE04EC0-301F-11D3-BF4B-00C04F79EFBC}") = "Dosial.Web.Models", "Dosial.Web.Models\Dosial.Web.Models.csproj", "{F4D47371-4155-45E9-A8C9-A39A3D1D7AC2}"
EndProject
Project("{FAE04EC0-301F-11D3-BF4B-00C04F79EFBC}") = "Ouvera.Utilities.ModelTracking", "Ouvera.Utilities.ModelTracking\Ouvera.Utilities.ModelTracking.csproj", "{254DB073-D719-46B0-92AF-A0C94C5CE6A2}"
EndProject
Project("{FAE04EC0-301F-11D3-BF4B-00C04F79EFBC}") = "Dosial.Web.DataAccess", "Dosial.Web.DataAccess\Dosial.Web.DataAccess.csproj", "{75AA17F0-4ED2-41AB-9D1C-ECAC1A005840}"
EndProject
Global
	GlobalSection(SolutionConfigurationPlatforms) = preSolution
		Debug|Any CPU = Debug|Any CPU
		Release|Any CPU = Release|Any CPU
	EndGlobalSection
	GlobalSection(ProjectConfigurationPlatforms) = postSolution
		{4ADF553A-1D95-47B0-ACF8-D6B83A6013C1}.Debug|Any CPU.ActiveCfg = Debug|Any CPU
		{4ADF553A-1D95-47B0-ACF8-D6B83A6013C1}.Debug|Any CPU.Build.0 = Debug|Any CPU
		{4ADF553A-1D95-47B0-ACF8-D6B83A6013C1}.Release|Any CPU.ActiveCfg = Release|Any CPU
		{4ADF553A-1D95-47B0-ACF8-D6B83A6013C1}.Release|Any CPU.Build.0 = Release|Any CPU
		{F4D47371-4155-45E9-A8C9-A39A3D1D7AC2}.Debug|Any CPU.ActiveCfg = Debug|Any CPU
		{F4D47371-4155-45E9-A8C9-A39A3D1D7AC2}.Debug|Any CPU.Build.0 = Debug|Any CPU
		{F4D47371-4155-45E9-A8C9-A39A3D1D7AC2}.Release|Any CPU.ActiveCfg = Release|Any CPU
		{F4D47371-4155-45E9-A8C9-A39A3D1D7AC2}.Release|Any CPU.Build.0 = Release|Any CPU
		{254DB073-D719-46B0-92AF-A0C94C5CE6A2}.Debug|Any CPU.ActiveCfg = Debug|Any CPU
		{254DB073-D719-46B0-92AF-A0C94C5CE6A2}.Debug|Any CPU.Build.0 = Debug|Any CPU
		{254DB073-D719-46B0-92AF-A0C94C5CE6A2}.Release|Any CPU.ActiveCfg = Release|Any CPU
		{254DB073-D719-46B0-92AF-A0C94C5CE6A2}.Release|Any CPU.Build.0 = Release|Any CPU
		{75AA17F0-4ED2-41AB-9D1C-ECAC1A005840}.Debug|Any CPU.ActiveCfg = Debug|Any CPU
		{75AA17F0-4ED2-41AB-9D1C-ECAC1A005840}.Debug|Any CPU.Build.0 = Debug|Any CPU
		{75AA17F0-4ED2-41AB-9D1C-ECAC1A005840}.Release|Any CPU.ActiveCfg = Release|Any CPU
		{75AA17F0-4ED2-41AB-9D1C-ECAC1A005840}.Release|Any CPU.Build.0 = Release|Any CPU
	EndGlobalSection
	GlobalSection(SolutionProperties) = preSolution
		HideSolutionNode = FALSE
	EndGlobalSection
EndGlobal
